
Microsoft Visual Studio Solution File, Format Version 12.00
# Visual Studio Version 16
VisualStudioVersion = 16.0.30413.136
MinimumVisualStudioVersion = 10.0.40219.1
Project("{9A19103F-16F7-4668-BE54-9A1E7A4F7556}") = "united-airlines-training", "united-airlines-training\united-airlines-training.csproj", "{DFC765DA-1202-477A-A965-B461959357F1}"
EndProject
Project("{9A19103F-16F7-4668-BE54-9A1E7A4F7556}") = "united-airlines-training-test", "united-airlines-training-test\united-airlines-training-test.csproj", "{41FAB2E9-851D-4CAF-BA01-584303BBF226}"
EndProject
Global
	GlobalSection(SolutionConfigurationPlatforms) = preSolution
		Debug|Any CPU = Debug|Any CPU
		Release|Any CPU = Release|Any CPU
	EndGlobalSection
	GlobalSection(ProjectConfigurationPlatforms) = postSolution
		{DFC765DA-1202-477A-A965-B461959357F1}.Debug|Any CPU.ActiveCfg = Debug|Any CPU
		{DFC765DA-1202-477A-A965-B461959357F1}.Debug|Any CPU.Build.0 = Debug|Any CPU
		{DFC765DA-1202-477A-A965-B461959357F1}.Release|Any CPU.ActiveCfg = Release|Any CPU
		{DFC765DA-1202-477A-A965-B461959357F1}.Release|Any CPU.Build.0 = Release|Any CPU
		{41FAB2E9-851D-4CAF-BA01-584303BBF226}.Debug|Any CPU.ActiveCfg = Debug|Any CPU
		{41FAB2E9-851D-4CAF-BA01-584303BBF226}.Debug|Any CPU.Build.0 = Debug|Any CPU
		{41FAB2E9-851D-4CAF-BA01-584303BBF226}.Release|Any CPU.ActiveCfg = Release|Any CPU
		{41FAB2E9-851D-4CAF-BA01-584303BBF226}.Release|Any CPU.Build.0 = Release|Any CPU
	EndGlobalSection
	GlobalSection(SolutionProperties) = preSolution
		HideSolutionNode = FALSE
	EndGlobalSection
	GlobalSection(ExtensibilityGlobals) = postSolution
		SolutionGuid = {C353ECAD-66E8-496C-BFF5-01EAB332D657}
	EndGlobalSection
EndGlobal
